
Microsoft Visual Studio Solution File, Format Version 12.00
# Visual Studio Version 17
VisualStudioVersion = 17.10.34928.147
MinimumVisualStudioVersion = 10.0.40219.1
Project("{FAE04EC0-301F-11D3-BF4B-00C04F79EFBC}") = "MutiTab", "MutiTab\MutiTab.csproj", "{D865DC23-8A2A-4209-A724-E863E4F7A07A}"
EndProject
Global
	GlobalSection(SolutionConfigurationPlatforms) = preSolution
		Debug|Any CPU = Debug|Any CPU
		Release|Any CPU = Release|Any CPU
	EndGlobalSection
	GlobalSection(ProjectConfigurationPlatforms) = postSolution
		{D865DC23-8A2A-4209-A724-E863E4F7A07A}.Debug|Any CPU.ActiveCfg = Debug|Any CPU
		{D865DC23-8A2A-4209-A724-E863E4F7A07A}.Debug|Any CPU.Build.0 = Debug|Any CPU
		{D865DC23-8A2A-4209-A724-E863E4F7A07A}.Release|Any CPU.ActiveCfg = Release|Any CPU
		{D865DC23-8A2A-4209-A724-E863E4F7A07A}.Release|Any CPU.Build.0 = Release|Any CPU
	EndGlobalSection
	GlobalSection(SolutionProperties) = preSolution
		HideSolutionNode = FALSE
	EndGlobalSection
	GlobalSection(ExtensibilityGlobals) = postSolution
		SolutionGuid = {1A0C89EF-4CD0-4DCF-BEE2-A65087E8FC6C}
	EndGlobalSection
EndGlobal
